
Microsoft Visual Studio Solution File, Format Version 12.00
# Visual Studio Version 16
VisualStudioVersion = 16.0.29519.87
MinimumVisualStudioVersion = 10.0.40219.1
Project("{8BC9CEB8-8B4A-11D0-8D11-00A0C91BC942}") = "0_ExerciceFibo", "0_ExerciceFibo\0_ExerciceFibo.vcxproj", "{BBD0D008-E5BB-422D-9DA0-E4F7EA0B3E43}"
EndProject
Project("{8BC9CEB8-8B4A-11D0-8D11-00A0C91BC942}") = "1_Tableaux", "1_Tableaux\1_Tableaux.vcxproj", "{61BF3353-6B90-4E63-9D26-9AB0D3382AD9}"
EndProject
Project("{8BC9CEB8-8B4A-11D0-8D11-00A0C91BC942}") = "1_Tab_PTR", "1_Tab_PTR\1_Tab_PTR.vcxproj", "{02240E91-F402-475E-B187-8F422069A0F4}"
EndProject
Global
	GlobalSection(SolutionConfigurationPlatforms) = preSolution
		Debug|x64 = Debug|x64
		Debug|x86 = Debug|x86
		Release|x64 = Release|x64
		Release|x86 = Release|x86
	EndGlobalSection
	GlobalSection(ProjectConfigurationPlatforms) = postSolution
		{BBD0D008-E5BB-422D-9DA0-E4F7EA0B3E43}.Debug|x64.ActiveCfg = Debug|x64
		{BBD0D008-E5BB-422D-9DA0-E4F7EA0B3E43}.Debug|x64.Build.0 = Debug|x64
		{BBD0D008-E5BB-422D-9DA0-E4F7EA0B3E43}.Debug|x86.ActiveCfg = Debug|Win32
		{BBD0D008-E5BB-422D-9DA0-E4F7EA0B3E43}.Debug|x86.Build.0 = Debug|Win32
		{BBD0D008-E5BB-422D-9DA0-E4F7EA0B3E43}.Release|x64.ActiveCfg = Release|x64
		{BBD0D008-E5BB-422D-9DA0-E4F7EA0B3E43}.Release|x64.Build.0 = Release|x64
		{BBD0D008-E5BB-422D-9DA0-E4F7EA0B3E43}.Release|x86.ActiveCfg = Release|Win32
		{BBD0D008-E5BB-422D-9DA0-E4F7EA0B3E43}.Release|x86.Build.0 = Release|Win32
		{61BF3353-6B90-4E63-9D26-9AB0D3382AD9}.Debug|x64.ActiveCfg = Debug|x64
		{61BF3353-6B90-4E63-9D26-9AB0D3382AD9}.Debug|x64.Build.0 = Debug|x64
		{61BF3353-6B90-4E63-9D26-9AB0D3382AD9}.Debug|x86.ActiveCfg = Debug|Win32
		{61BF3353-6B90-4E63-9D26-9AB0D3382AD9}.Debug|x86.Build.0 = Debug|Win32
		{61BF3353-6B90-4E63-9D26-9AB0D3382AD9}.Release|x64.ActiveCfg = Release|x64
		{61BF3353-6B90-4E63-9D26-9AB0D3382AD9}.Release|x64.Build.0 = Release|x64
		{61BF3353-6B90-4E63-9D26-9AB0D3382AD9}.Release|x86.ActiveCfg = Release|Win32
		{61BF3353-6B90-4E63-9D26-9AB0D3382AD9}.Release|x86.Build.0 = Release|Win32
		{02240E91-F402-475E-B187-8F422069A0F4}.Debug|x64.ActiveCfg = Debug|x64
		{02240E91-F402-475E-B187-8F422069A0F4}.Debug|x64.Build.0 = Debug|x64
		{02240E91-F402-475E-B187-8F422069A0F4}.Debug|x86.ActiveCfg = Debug|Win32
		{02240E91-F402-475E-B187-8F422069A0F4}.Debug|x86.Build.0 = Debug|Win32
		{02240E91-F402-475E-B187-8F422069A0F4}.Release|x64.ActiveCfg = Release|x64
		{02240E91-F402-475E-B187-8F422069A0F4}.Release|x64.Build.0 = Release|x64
		{02240E91-F402-475E-B187-8F422069A0F4}.Release|x86.ActiveCfg = Release|Win32
		{02240E91-F402-475E-B187-8F422069A0F4}.Release|x86.Build.0 = Release|Win32
	EndGlobalSection
	GlobalSection(SolutionProperties) = preSolution
		HideSolutionNode = FALSE
	EndGlobalSection
	GlobalSection(ExtensibilityGlobals) = postSolution
		SolutionGuid = {04D1473B-2A70-4170-9A6F-A8CE58902A90}
	EndGlobalSection
EndGlobal
