
Microsoft Visual Studio Solution File, Format Version 12.00
# Visual Studio Version 16
VisualStudioVersion = 16.0.29519.87
MinimumVisualStudioVersion = 10.0.40219.1
Project("{8BC9CEB8-8B4A-11D0-8D11-00A0C91BC942}") = "0_Exercice_Fonctions", "0_Exercice_Fonctions\0_Exercice_Fonctions.vcxproj", "{47B4114C-5BA4-4F87-A406-27B2C1AE9AAC}"
EndProject
Project("{8BC9CEB8-8B4A-11D0-8D11-00A0C91BC942}") = "1_AdresseMemoire", "1_AdresseMemoire\1_AdresseMemoire.vcxproj", "{6B0B5529-422C-4055-85ED-CA723E90653F}"
EndProject
Project("{8BC9CEB8-8B4A-11D0-8D11-00A0C91BC942}") = "2_Pointeurs", "2_Pointeurs\2_Pointeurs.vcxproj", "{84AB0708-0714-484F-9679-8401248D7A58}"
EndProject
Global
	GlobalSection(SolutionConfigurationPlatforms) = preSolution
		Debug|x64 = Debug|x64
		Debug|x86 = Debug|x86
		Release|x64 = Release|x64
		Release|x86 = Release|x86
	EndGlobalSection
	GlobalSection(ProjectConfigurationPlatforms) = postSolution
		{47B4114C-5BA4-4F87-A406-27B2C1AE9AAC}.Debug|x64.ActiveCfg = Debug|x64
		{47B4114C-5BA4-4F87-A406-27B2C1AE9AAC}.Debug|x64.Build.0 = Debug|x64
		{47B4114C-5BA4-4F87-A406-27B2C1AE9AAC}.Debug|x86.ActiveCfg = Debug|Win32
		{47B4114C-5BA4-4F87-A406-27B2C1AE9AAC}.Debug|x86.Build.0 = Debug|Win32
		{47B4114C-5BA4-4F87-A406-27B2C1AE9AAC}.Release|x64.ActiveCfg = Release|x64
		{47B4114C-5BA4-4F87-A406-27B2C1AE9AAC}.Release|x64.Build.0 = Release|x64
		{47B4114C-5BA4-4F87-A406-27B2C1AE9AAC}.Release|x86.ActiveCfg = Release|Win32
		{47B4114C-5BA4-4F87-A406-27B2C1AE9AAC}.Release|x86.Build.0 = Release|Win32
		{6B0B5529-422C-4055-85ED-CA723E90653F}.Debug|x64.ActiveCfg = Debug|x64
		{6B0B5529-422C-4055-85ED-CA723E90653F}.Debug|x64.Build.0 = Debug|x64
		{6B0B5529-422C-4055-85ED-CA723E90653F}.Debug|x86.ActiveCfg = Debug|Win32
		{6B0B5529-422C-4055-85ED-CA723E90653F}.Debug|x86.Build.0 = Debug|Win32
		{6B0B5529-422C-4055-85ED-CA723E90653F}.Release|x64.ActiveCfg = Release|x64
		{6B0B5529-422C-4055-85ED-CA723E90653F}.Release|x64.Build.0 = Release|x64
		{6B0B5529-422C-4055-85ED-CA723E90653F}.Release|x86.ActiveCfg = Release|Win32
		{6B0B5529-422C-4055-85ED-CA723E90653F}.Release|x86.Build.0 = Release|Win32
		{84AB0708-0714-484F-9679-8401248D7A58}.Debug|x64.ActiveCfg = Debug|x64
		{84AB0708-0714-484F-9679-8401248D7A58}.Debug|x64.Build.0 = Debug|x64
		{84AB0708-0714-484F-9679-8401248D7A58}.Debug|x86.ActiveCfg = Debug|Win32
		{84AB0708-0714-484F-9679-8401248D7A58}.Debug|x86.Build.0 = Debug|Win32
		{84AB0708-0714-484F-9679-8401248D7A58}.Release|x64.ActiveCfg = Release|x64
		{84AB0708-0714-484F-9679-8401248D7A58}.Release|x64.Build.0 = Release|x64
		{84AB0708-0714-484F-9679-8401248D7A58}.Release|x86.ActiveCfg = Release|Win32
		{84AB0708-0714-484F-9679-8401248D7A58}.Release|x86.Build.0 = Release|Win32
	EndGlobalSection
	GlobalSection(SolutionProperties) = preSolution
		HideSolutionNode = FALSE
	EndGlobalSection
	GlobalSection(ExtensibilityGlobals) = postSolution
		SolutionGuid = {E876CA7C-5897-43B9-9098-A55DA1AC83A2}
	EndGlobalSection
EndGlobal
